<?xml version="1.0" encoding="utf-8"?>
<Project xmlns="http://schemas.microsoft.com/developer/msbuild/2003">
  <ItemGroup>
    <Filter Include="Generated Files">
      <UniqueIdentifier>{71ED8ED8-ACB9-4CE9-BBE1-E00B30144E11}</UniqueIdentifier>
      <Extensions>cpp;c;cxx;moc;h;def;odl;idl;res;</Extensions>
    </Filter>
    <Filter Include="Generated Files">
      <UniqueIdentifier>{71ED8ED8-ACB9-4CE9-BBE1-E00B30144E11}</UniqueIdentifier>
      <Extensions>cpp;c;cxx;moc;h;def;odl;idl;res;</Extensions>
    </Filter>
  </ItemGroup>
  <ItemGroup>
    <ClCompile Include="DotaCalculator\OtherDialog.cpp">
      <Filter>Generated Files</Filter>
    </ClCompile>
    <ClCompile Include="DPSCalculator\DPSCalculator.cpp">
      <Filter>Generated Files</Filter>
    </ClCompile>
    <ClCompile Include="FileManager\FileManager.cpp">
      <Filter>Generated Files</Filter>
    </ClCompile>
    <ClCompile Include="main.cpp">
      <Filter>Generated Files</Filter>
    </ClCompile>
    <ClCompile Include="DotaCalculator\DotaCalculator.cpp">
      <Filter>Generated Files</Filter>
    </ClCompile>
    <ClCompile Include="Traits\Traits.h">
      <Filter>Generated Files</Filter>
    </ClCompile>
    <ClCompile Include="DotaCalculator\HeroDialog.cpp">
      <Filter>Generated Files</Filter>
    </ClCompile>
  </ItemGroup>
  <ItemGroup>
    <ClInclude Include="DPSCalculator\DPSCalculator.h">
      <Filter>Generated Files</Filter>
    </ClInclude>
    <ClInclude Include="FileManager\FileManager.h">
      <Filter>Generated Files</Filter>
    </ClInclude>
    <ClInclude Include="DotaHero\DotaHero.h">
      <Filter>Generated Files</Filter>
    </ClInclude>
    <ClInclude Include="DotaItem\DotaItem.h">
      <Filter>Generated Files</Filter>
    </ClInclude>
  </ItemGroup>
  <ItemGroup>
    <QtMoc Include="DotaCalculator\OtherDialog.h">
      <Filter>Generated Files</Filter>
    </QtMoc>
    <QtMoc Include="DotaCalculator\DotaCalculator.h">
      <Filter>Generated Files</Filter>
    </QtMoc>
    <QtMoc Include="DotaCalculator\HeroDialog.h">
      <Filter>Generated Files</Filter>
    </QtMoc>
  </ItemGroup>
</Project>